<Solution>
  <Folder Name="/src/">
    <Project Path="src/Shop.Api/Shop.Api.csproj" />
    <Project Path="src/Shop.Application/Shop.Application.csproj" />
    <Project Path="src/Shop.Domain/Shop.Domain.csproj" />
    <Project Path="src/Shop.Infrastructure/Shop.Infrastructure.csproj" />
  </Folder>
  <Folder Name="/tests/">
    <Project Path="tests/Shop.IntegrationTests/Shop.IntegrationTests.csproj" />
    <Project Path="tests/Shop.UnitTests/Shop.UnitTests.csproj" />
  </Folder>
</Solution>
